// !$*UTF8*$!
{
	archiveVersion = 1;
	classes = {
	};
	objectVersion = 51;
	objects = {

/* Begin PBXBuildFile section */
		2B79F7C9C80790178E09AD81 /* Pods_AutoRequests.framework in Frameworks */ = {isa = PBXBuildFile; fileRef = 1EABEA256A7DE6A8F905FD4D /* Pods_AutoRequests.framework */; };
		E1BA7CC62671C730003A6FD8 /* TransportApplicationResponsePassenger.swift in Sources */ = {isa = PBXBuildFile; fileRef = E1BA7CBC2671C730003A6FD8 /* TransportApplicationResponsePassenger.swift */; };
		E1BA7CC72671C730003A6FD8 /* TransportApplicationRequest.swift in Sources */ = {isa = PBXBuildFile; fileRef = E1BA7CBD2671C730003A6FD8 /* TransportApplicationRequest.swift */; };
		E1BA7CC82671C730003A6FD8 /* Car.swift in Sources */ = {isa = PBXBuildFile; fileRef = E1BA7CBE2671C730003A6FD8 /* Car.swift */; };
		E1BA7CC92671C730003A6FD8 /* Passenger.swift in Sources */ = {isa = PBXBuildFile; fileRef = E1BA7CBF2671C730003A6FD8 /* Passenger.swift */; };
		E1BA7CCA2671C730003A6FD8 /* TransportApplicationResponse.swift in Sources */ = {isa = PBXBuildFile; fileRef = E1BA7CC02671C730003A6FD8 /* TransportApplicationResponse.swift */; };
		E1BA7CCB2671C730003A6FD8 /* TransportApplicationResponseDriver.swift in Sources */ = {isa = PBXBuildFile; fileRef = E1BA7CC12671C730003A6FD8 /* TransportApplicationResponseDriver.swift */; };
		E1BA7CCC2671C730003A6FD8 /* Driver.swift in Sources */ = {isa = PBXBuildFile; fileRef = E1BA7CC22671C730003A6FD8 /* Driver.swift */; };
		E1BA7CCD2671C730003A6FD8 /* DriverResponse.swift in Sources */ = {isa = PBXBuildFile; fileRef = E1BA7CC32671C730003A6FD8 /* DriverResponse.swift */; };
		E1BA7CCE2671C730003A6FD8 /* ApiResponse.swift in Sources */ = {isa = PBXBuildFile; fileRef = E1BA7CC42671C730003A6FD8 /* ApiResponse.swift */; };
		E1BA7CCF2671C730003A6FD8 /* TransportApplication.swift in Sources */ = {isa = PBXBuildFile; fileRef = E1BA7CC52671C730003A6FD8 /* TransportApplication.swift */; };
		E1BA7CD22671C798003A6FD8 /* User.swift in Sources */ = {isa = PBXBuildFile; fileRef = E1BA7CD12671C798003A6FD8 /* User.swift */; };
		E1BA7CE52671CF07003A6FD8 /* CreateRequestViewModel.swift in Sources */ = {isa = PBXBuildFile; fileRef = E1BA7CE42671CF07003A6FD8 /* CreateRequestViewModel.swift */; };
		E1BA7CE92671CF19003A6FD8 /* CreateRequestViewController.swift in Sources */ = {isa = PBXBuildFile; fileRef = E1BA7CE82671CF19003A6FD8 /* CreateRequestViewController.swift */; };
		E1BA7CED2671FABA003A6FD8 /* SettingIconView.swift in Sources */ = {isa = PBXBuildFile; fileRef = E1BA7CEC2671FABA003A6FD8 /* SettingIconView.swift */; };
		E1BABEF626598A510042EF37 /* AppDelegate.swift in Sources */ = {isa = PBXBuildFile; fileRef = E1BABEF526598A510042EF37 /* AppDelegate.swift */; };
		E1BABEF826598A510042EF37 /* SceneDelegate.swift in Sources */ = {isa = PBXBuildFile; fileRef = E1BABEF726598A510042EF37 /* SceneDelegate.swift */; };
		E1BABEFA26598A510042EF37 /* ViewController.swift in Sources */ = {isa = PBXBuildFile; fileRef = E1BABEF926598A510042EF37 /* ViewController.swift */; };
		E1BABEFD26598A510042EF37 /* Main.storyboard in Resources */ = {isa = PBXBuildFile; fileRef = E1BABEFB26598A510042EF37 /* Main.storyboard */; };
		E1BABEFF26598A680042EF37 /* Assets.xcassets in Resources */ = {isa = PBXBuildFile; fileRef = E1BABEFE26598A680042EF37 /* Assets.xcassets */; };
		E1BABF0226598A680042EF37 /* LaunchScreen.storyboard in Resources */ = {isa = PBXBuildFile; fileRef = E1BABF0026598A680042EF37 /* LaunchScreen.storyboard */; };
		E1BABF0C26598BE00042EF37 /* DriverFlow.storyboard in Resources */ = {isa = PBXBuildFile; fileRef = E1BABF0A26598BE00042EF37 /* DriverFlow.storyboard */; };
		E1BABF1326598C750042EF37 /* AuthViewController.swift in Sources */ = {isa = PBXBuildFile; fileRef = E1BABF1226598C750042EF37 /* AuthViewController.swift */; };
		E1BABF1B26598CA90042EF37 /* TransportsListViewController.swift in Sources */ = {isa = PBXBuildFile; fileRef = E1BABF1A26598CA90042EF37 /* TransportsListViewController.swift */; };
		E1BABF2226598CF90042EF37 /* MyRequestsViewController.swift in Sources */ = {isa = PBXBuildFile; fileRef = E1BABF2126598CF90042EF37 /* MyRequestsViewController.swift */; };
		E1BABF2726598D240042EF37 /* PassengerFlow.storyboard in Resources */ = {isa = PBXBuildFile; fileRef = E1BABF2526598D240042EF37 /* PassengerFlow.storyboard */; };
		E1BABF2E2659E2030042EF37 /* AlertDisplayer.swift in Sources */ = {isa = PBXBuildFile; fileRef = E1BABF2D2659E2030042EF37 /* AlertDisplayer.swift */; };
		E1C9687F2674978900C39E9F /* SettingTableViewCell.swift in Sources */ = {isa = PBXBuildFile; fileRef = E1C9687E2674978900C39E9F /* SettingTableViewCell.swift */; };
		E1CF3B6E26748AEA00F04D8C /* CreateRequestViewModelProtocol.swift in Sources */ = {isa = PBXBuildFile; fileRef = E1CF3B6D26748AEA00F04D8C /* CreateRequestViewModelProtocol.swift */; };
		E1CF3B7226748EFC00F04D8C /* SettingSection.swift in Sources */ = {isa = PBXBuildFile; fileRef = E1CF3B7126748EFC00F04D8C /* SettingSection.swift */; };
		E1CF3B7526748F8A00F04D8C /* DriverSettingCell.swift in Sources */ = {isa = PBXBuildFile; fileRef = E1CF3B7426748F8A00F04D8C /* DriverSettingCell.swift */; };
		E1CF3B7926748FA800F04D8C /* DateSettingTableViewCell.swift in Sources */ = {isa = PBXBuildFile; fileRef = E1CF3B7826748FA800F04D8C /* DateSettingTableViewCell.swift */; };
		E1CF3B7D26748FB500F04D8C /* TimeTableViewCell.swift in Sources */ = {isa = PBXBuildFile; fileRef = E1CF3B7C26748FB500F04D8C /* TimeTableViewCell.swift */; };
/* End PBXBuildFile section */

/* Begin PBXFileReference section */
		1EABEA256A7DE6A8F905FD4D /* Pods_AutoRequests.framework */ = {isa = PBXFileReference; explicitFileType = wrapper.framework; includeInIndex = 0; path = Pods_AutoRequests.framework; sourceTree = BUILT_PRODUCTS_DIR; };
		3E0C3D48457C04752CE894A7 /* Pods-AutoRequests.debug.xcconfig */ = {isa = PBXFileReference; includeInIndex = 1; lastKnownFileType = text.xcconfig; name = "Pods-AutoRequests.debug.xcconfig"; path = "Target Support Files/Pods-AutoRequests/Pods-AutoRequests.debug.xcconfig"; sourceTree = "<group>"; };
		E1BA7CBC2671C730003A6FD8 /* TransportApplicationResponsePassenger.swift */ = {isa = PBXFileReference; fileEncoding = 4; lastKnownFileType = sourcecode.swift; path = TransportApplicationResponsePassenger.swift; sourceTree = "<group>"; };
		E1BA7CBD2671C730003A6FD8 /* TransportApplicationRequest.swift */ = {isa = PBXFileReference; fileEncoding = 4; lastKnownFileType = sourcecode.swift; path = TransportApplicationRequest.swift; sourceTree = "<group>"; };
		E1BA7CBE2671C730003A6FD8 /* Car.swift */ = {isa = PBXFileReference; fileEncoding = 4; lastKnownFileType = sourcecode.swift; path = Car.swift; sourceTree = "<group>"; };
		E1BA7CBF2671C730003A6FD8 /* Passenger.swift */ = {isa = PBXFileReference; fileEncoding = 4; lastKnownFileType = sourcecode.swift; path = Passenger.swift; sourceTree = "<group>"; };
		E1BA7CC02671C730003A6FD8 /* TransportApplicationResponse.swift */ = {isa = PBXFileReference; fileEncoding = 4; lastKnownFileType = sourcecode.swift; path = TransportApplicationResponse.swift; sourceTree = "<group>"; };
		E1BA7CC12671C730003A6FD8 /* TransportApplicationResponseDriver.swift */ = {isa = PBXFileReference; fileEncoding = 4; lastKnownFileType = sourcecode.swift; path = TransportApplicationResponseDriver.swift; sourceTree = "<group>"; };
		E1BA7CC22671C730003A6FD8 /* Driver.swift */ = {isa = PBXFileReference; fileEncoding = 4; lastKnownFileType = sourcecode.swift; path = Driver.swift; sourceTree = "<group>"; };
		E1BA7CC32671C730003A6FD8 /* DriverResponse.swift */ = {isa = PBXFileReference; fileEncoding = 4; lastKnownFileType = sourcecode.swift; path = DriverResponse.swift; sourceTree = "<group>"; };
		E1BA7CC42671C730003A6FD8 /* ApiResponse.swift */ = {isa = PBXFileReference; fileEncoding = 4; lastKnownFileType = sourcecode.swift; path = ApiResponse.swift; sourceTree = "<group>"; };
		E1BA7CC52671C730003A6FD8 /* TransportApplication.swift */ = {isa = PBXFileReference; fileEncoding = 4; lastKnownFileType = sourcecode.swift; path = TransportApplication.swift; sourceTree = "<group>"; };
		E1BA7CD12671C798003A6FD8 /* User.swift */ = {isa = PBXFileReference; lastKnownFileType = sourcecode.swift; path = User.swift; sourceTree = "<group>"; };
		E1BA7CE42671CF07003A6FD8 /* CreateRequestViewModel.swift */ = {isa = PBXFileReference; lastKnownFileType = sourcecode.swift; path = CreateRequestViewModel.swift; sourceTree = "<group>"; };
		E1BA7CE82671CF19003A6FD8 /* CreateRequestViewController.swift */ = {isa = PBXFileReference; lastKnownFileType = sourcecode.swift; path = CreateRequestViewController.swift; sourceTree = "<group>"; };
		E1BA7CEC2671FABA003A6FD8 /* SettingIconView.swift */ = {isa = PBXFileReference; lastKnownFileType = sourcecode.swift; path = SettingIconView.swift; sourceTree = "<group>"; };
		E1BABEF226598A510042EF37 /* AutoRequests.app */ = {isa = PBXFileReference; explicitFileType = wrapper.application; includeInIndex = 0; path = AutoRequests.app; sourceTree = BUILT_PRODUCTS_DIR; };
		E1BABEF526598A510042EF37 /* AppDelegate.swift */ = {isa = PBXFileReference; lastKnownFileType = sourcecode.swift; path = AppDelegate.swift; sourceTree = "<group>"; };
		E1BABEF726598A510042EF37 /* SceneDelegate.swift */ = {isa = PBXFileReference; lastKnownFileType = sourcecode.swift; path = SceneDelegate.swift; sourceTree = "<group>"; };
		E1BABEF926598A510042EF37 /* ViewController.swift */ = {isa = PBXFileReference; lastKnownFileType = sourcecode.swift; path = ViewController.swift; sourceTree = "<group>"; };
		E1BABEFC26598A510042EF37 /* Base */ = {isa = PBXFileReference; lastKnownFileType = file.storyboard; name = Base; path = Base.lproj/Main.storyboard; sourceTree = "<group>"; };
		E1BABEFE26598A680042EF37 /* Assets.xcassets */ = {isa = PBXFileReference; lastKnownFileType = folder.assetcatalog; path = Assets.xcassets; sourceTree = "<group>"; };
		E1BABF0126598A680042EF37 /* Base */ = {isa = PBXFileReference; lastKnownFileType = file.storyboard; name = Base; path = Base.lproj/LaunchScreen.storyboard; sourceTree = "<group>"; };
		E1BABF0326598A680042EF37 /* Info.plist */ = {isa = PBXFileReference; lastKnownFileType = text.plist.xml; path = Info.plist; sourceTree = "<group>"; };
		E1BABF0B26598BE00042EF37 /* Base */ = {isa = PBXFileReference; lastKnownFileType = file.storyboard; name = Base; path = AutoRequests/Base.lproj/DriverFlow.storyboard; sourceTree = "<group>"; };
		E1BABF1226598C750042EF37 /* AuthViewController.swift */ = {isa = PBXFileReference; lastKnownFileType = sourcecode.swift; path = AuthViewController.swift; sourceTree = "<group>"; };
		E1BABF1A26598CA90042EF37 /* TransportsListViewController.swift */ = {isa = PBXFileReference; lastKnownFileType = sourcecode.swift; path = TransportsListViewController.swift; sourceTree = "<group>"; };
		E1BABF2126598CF90042EF37 /* MyRequestsViewController.swift */ = {isa = PBXFileReference; lastKnownFileType = sourcecode.swift; path = MyRequestsViewController.swift; sourceTree = "<group>"; };
		E1BABF2626598D240042EF37 /* Base */ = {isa = PBXFileReference; lastKnownFileType = file.storyboard; name = Base; path = AutoRequests/Base.lproj/PassengerFlow.storyboard; sourceTree = "<group>"; };
		E1BABF2D2659E2030042EF37 /* AlertDisplayer.swift */ = {isa = PBXFileReference; lastKnownFileType = sourcecode.swift; path = AlertDisplayer.swift; sourceTree = "<group>"; };
		E1C9687E2674978900C39E9F /* SettingTableViewCell.swift */ = {isa = PBXFileReference; lastKnownFileType = sourcecode.swift; path = SettingTableViewCell.swift; sourceTree = "<group>"; };
		E1CF3B6D26748AEA00F04D8C /* CreateRequestViewModelProtocol.swift */ = {isa = PBXFileReference; lastKnownFileType = sourcecode.swift; path = CreateRequestViewModelProtocol.swift; sourceTree = "<group>"; };
		E1CF3B7126748EFC00F04D8C /* SettingSection.swift */ = {isa = PBXFileReference; lastKnownFileType = sourcecode.swift; path = SettingSection.swift; sourceTree = "<group>"; };
		E1CF3B7426748F8A00F04D8C /* DriverSettingCell.swift */ = {isa = PBXFileReference; lastKnownFileType = sourcecode.swift; path = DriverSettingCell.swift; sourceTree = "<group>"; };
		E1CF3B7826748FA800F04D8C /* DateSettingTableViewCell.swift */ = {isa = PBXFileReference; lastKnownFileType = sourcecode.swift; path = DateSettingTableViewCell.swift; sourceTree = "<group>"; };
		E1CF3B7C26748FB500F04D8C /* TimeTableViewCell.swift */ = {isa = PBXFileReference; lastKnownFileType = sourcecode.swift; path = TimeTableViewCell.swift; sourceTree = "<group>"; };
		FFD5BAD0794E65F07A7CA0BD /* Pods-AutoRequests.release.xcconfig */ = {isa = PBXFileReference; includeInIndex = 1; lastKnownFileType = text.xcconfig; name = "Pods-AutoRequests.release.xcconfig"; path = "Target Support Files/Pods-AutoRequests/Pods-AutoRequests.release.xcconfig"; sourceTree = "<group>"; };
/* End PBXFileReference section */

/* Begin PBXFrameworksBuildPhase section */
		E1BABEEF26598A510042EF37 /* Frameworks */ = {
			isa = PBXFrameworksBuildPhase;
			buildActionMask = 2147483647;
			files = (
				2B79F7C9C80790178E09AD81 /* Pods_AutoRequests.framework in Frameworks */,
			);
			runOnlyForDeploymentPostprocessing = 0;
		};
/* End PBXFrameworksBuildPhase section */

/* Begin PBXGroup section */
		59718E0FC049AEBF33B8CA94 /* Frameworks */ = {
			isa = PBXGroup;
			children = (
				1EABEA256A7DE6A8F905FD4D /* Pods_AutoRequests.framework */,
			);
			name = Frameworks;
			sourceTree = "<group>";
		};
		E1BA7CBB2671C730003A6FD8 /* Models */ = {
			isa = PBXGroup;
			children = (
				E1BA7CBC2671C730003A6FD8 /* TransportApplicationResponsePassenger.swift */,
				E1BA7CBD2671C730003A6FD8 /* TransportApplicationRequest.swift */,
				E1BA7CBE2671C730003A6FD8 /* Car.swift */,
				E1BA7CBF2671C730003A6FD8 /* Passenger.swift */,
				E1BA7CC02671C730003A6FD8 /* TransportApplicationResponse.swift */,
				E1BA7CC12671C730003A6FD8 /* TransportApplicationResponseDriver.swift */,
				E1BA7CC22671C730003A6FD8 /* Driver.swift */,
				E1BA7CC32671C730003A6FD8 /* DriverResponse.swift */,
				E1BA7CC42671C730003A6FD8 /* ApiResponse.swift */,
				E1BA7CC52671C730003A6FD8 /* TransportApplication.swift */,
				E1BA7CD12671C798003A6FD8 /* User.swift */,
			);
			path = Models;
			sourceTree = "<group>";
		};
		E1BA7CDE2671CEDD003A6FD8 /* CreateRequestModule */ = {
			isa = PBXGroup;
			children = (
				E1BA7CE32671CEF9003A6FD8 /* ViewModel */,
				E1BA7CE22671CEF4003A6FD8 /* View */,
			);
			path = CreateRequestModule;
			sourceTree = "<group>";
		};
		E1BA7CE22671CEF4003A6FD8 /* View */ = {
			isa = PBXGroup;
			children = (
				E1BA7CE82671CF19003A6FD8 /* CreateRequestViewController.swift */,
				E1CF3B7126748EFC00F04D8C /* SettingSection.swift */,
				E1CF3B7726748F9500F04D8C /* Components */,
			);
			path = View;
			sourceTree = "<group>";
		};
		E1BA7CE32671CEF9003A6FD8 /* ViewModel */ = {
			isa = PBXGroup;
			children = (
				E1CF3B6C26748AD200F04D8C /* Implementations */,
				E1CF3B6D26748AEA00F04D8C /* CreateRequestViewModelProtocol.swift */,
			);
			path = ViewModel;
			sourceTree = "<group>";
		};
		E1BA7CEB2671FAA1003A6FD8 /* Components */ = {
			isa = PBXGroup;
			children = (
				E1BA7CEC2671FABA003A6FD8 /* SettingIconView.swift */,
			);
			path = Components;
			sourceTree = "<group>";
		};
		E1BABEE926598A510042EF37 = {
			isa = PBXGroup;
			children = (
				E1BABF2C2659E1E30042EF37 /* Extensions */,
				E1BABEF426598A510042EF37 /* AutoRequests */,
				E1BABEF326598A510042EF37 /* Products */,
				F610BE37B827003D457ED2BC /* Pods */,
				59718E0FC049AEBF33B8CA94 /* Frameworks */,
			);
			sourceTree = "<group>";
		};
		E1BABEF326598A510042EF37 /* Products */ = {
			isa = PBXGroup;
			children = (
				E1BABEF226598A510042EF37 /* AutoRequests.app */,
			);
			name = Products;
			sourceTree = "<group>";
		};
		E1BABEF426598A510042EF37 /* AutoRequests */ = {
			isa = PBXGroup;
			children = (
				E1BA7CEB2671FAA1003A6FD8 /* Components */,
				E1BA7CDE2671CEDD003A6FD8 /* CreateRequestModule */,
				E1BA7CBB2671C730003A6FD8 /* Models */,
				E1BABF2B2659E1DE0042EF37 /* Tools */,
				E1BABF1E26598CB10042EF37 /* MyRequestsListModule */,
				E1BABF1526598C7B0042EF37 /* TransportsListModule */,
				E1BABF0F26598C5C0042EF37 /* AuthModule */,
				E1BABF0326598A680042EF37 /* Info.plist */,
				E1BABEF526598A510042EF37 /* AppDelegate.swift */,
				E1BABEF726598A510042EF37 /* SceneDelegate.swift */,
				E1BABEF926598A510042EF37 /* ViewController.swift */,
				E1BABEFE26598A680042EF37 /* Assets.xcassets */,
				E1BABF0A26598BE00042EF37 /* DriverFlow.storyboard */,
				E1BABF2526598D240042EF37 /* PassengerFlow.storyboard */,
				E1BABF0026598A680042EF37 /* LaunchScreen.storyboard */,
				E1BABEFB26598A510042EF37 /* Main.storyboard */,
			);
			path = AutoRequests;
			sourceTree = "<group>";
		};
		E1BABF0F26598C5C0042EF37 /* AuthModule */ = {
			isa = PBXGroup;
			children = (
				E1BABF1026598C630042EF37 /* View */,
				E1BABF1126598C670042EF37 /* ViewModel */,
			);
			path = AuthModule;
			sourceTree = "<group>";
		};
		E1BABF1026598C630042EF37 /* View */ = {
			isa = PBXGroup;
			children = (
				E1BABF1226598C750042EF37 /* AuthViewController.swift */,
			);
			path = View;
			sourceTree = "<group>";
		};
		E1BABF1126598C670042EF37 /* ViewModel */ = {
			isa = PBXGroup;
			children = (
			);
			path = ViewModel;
			sourceTree = "<group>";
		};
		E1BABF1526598C7B0042EF37 /* TransportsListModule */ = {
			isa = PBXGroup;
			children = (
				E1BABF1926598C9C0042EF37 /* VIew */,
				E1BABF1726598C920042EF37 /* ViewModel */,
			);
			path = TransportsListModule;
			sourceTree = "<group>";
		};
		E1BABF1726598C920042EF37 /* ViewModel */ = {
			isa = PBXGroup;
			children = (
			);
			path = ViewModel;
			sourceTree = "<group>";
		};
		E1BABF1926598C9C0042EF37 /* VIew */ = {
			isa = PBXGroup;
			children = (
				E1BABF1A26598CA90042EF37 /* TransportsListViewController.swift */,
			);
			path = VIew;
			sourceTree = "<group>";
		};
		E1BABF1E26598CB10042EF37 /* MyRequestsListModule */ = {
			isa = PBXGroup;
			children = (
				E1BABF1F26598CC10042EF37 /* View */,
				E1BABF2026598CEA0042EF37 /* ViewModel */,
			);
			path = MyRequestsListModule;
			sourceTree = "<group>";
		};
		E1BABF1F26598CC10042EF37 /* View */ = {
			isa = PBXGroup;
			children = (
				E1BABF2126598CF90042EF37 /* MyRequestsViewController.swift */,
			);
			path = View;
			sourceTree = "<group>";
		};
		E1BABF2026598CEA0042EF37 /* ViewModel */ = {
			isa = PBXGroup;
			children = (
			);
			path = ViewModel;
			sourceTree = "<group>";
		};
		E1BABF2B2659E1DE0042EF37 /* Tools */ = {
			isa = PBXGroup;
			children = (
			);
			path = Tools;
			sourceTree = "<group>";
		};
		E1BABF2C2659E1E30042EF37 /* Extensions */ = {
			isa = PBXGroup;
			children = (
				E1BABF2D2659E2030042EF37 /* AlertDisplayer.swift */,
			);
			path = Extensions;
			sourceTree = "<group>";
		};
		E1CF3B6C26748AD200F04D8C /* Implementations */ = {
			isa = PBXGroup;
			children = (
				E1BA7CE42671CF07003A6FD8 /* CreateRequestViewModel.swift */,
			);
			path = Implementations;
			sourceTree = "<group>";
		};
		E1CF3B7726748F9500F04D8C /* Components */ = {
			isa = PBXGroup;
			children = (
				E1CF3B7426748F8A00F04D8C /* DriverSettingCell.swift */,
				E1CF3B7826748FA800F04D8C /* DateSettingTableViewCell.swift */,
				E1CF3B7C26748FB500F04D8C /* TimeTableViewCell.swift */,
				E1C9687E2674978900C39E9F /* SettingTableViewCell.swift */,
			);
			path = Components;
			sourceTree = "<group>";
		};
		F610BE37B827003D457ED2BC /* Pods */ = {
			isa = PBXGroup;
			children = (
				3E0C3D48457C04752CE894A7 /* Pods-AutoRequests.debug.xcconfig */,
				FFD5BAD0794E65F07A7CA0BD /* Pods-AutoRequests.release.xcconfig */,
			);
			path = Pods;
			sourceTree = "<group>";
		};
/* End PBXGroup section */

/* Begin PBXNativeTarget section */
		E1BABEF126598A510042EF37 /* AutoRequests */ = {
			isa = PBXNativeTarget;
			buildConfigurationList = E1BABF0626598A680042EF37 /* Build configuration list for PBXNativeTarget "AutoRequests" */;
			buildPhases = (
				A99B80AD2F4C5C3E014568ED /* [CP] Check Pods Manifest.lock */,
				E1BABEEE26598A510042EF37 /* Sources */,
				E1BABEEF26598A510042EF37 /* Frameworks */,
				E1BABEF026598A510042EF37 /* Resources */,
				1149CC6FCE05E3D7EF3C71EE /* [CP] Embed Pods Frameworks */,
			);
			buildRules = (
			);
			dependencies = (
			);
			name = AutoRequests;
			productName = AutoRequests;
			productReference = E1BABEF226598A510042EF37 /* AutoRequests.app */;
			productType = "com.apple.product-type.application";
		};
/* End PBXNativeTarget section */

/* Begin PBXProject section */
		E1BABEEA26598A510042EF37 /* Project object */ = {
			isa = PBXProject;
			attributes = {
				LastSwiftUpdateCheck = 1230;
				LastUpgradeCheck = 1230;
				TargetAttributes = {
					E1BABEF126598A510042EF37 = {
						CreatedOnToolsVersion = 12.3;
					};
				};
			};
			buildConfigurationList = E1BABEED26598A510042EF37 /* Build configuration list for PBXProject "AutoRequests" */;
			compatibilityVersion = "Xcode 9.3";
			developmentRegion = en;
			hasScannedForEncodings = 0;
			knownRegions = (
				en,
				Base,
			);
			mainGroup = E1BABEE926598A510042EF37;
			productRefGroup = E1BABEF326598A510042EF37 /* Products */;
			projectDirPath = "";
			projectRoot = "";
			targets = (
				E1BABEF126598A510042EF37 /* AutoRequests */,
			);
		};
/* End PBXProject section */

/* Begin PBXResourcesBuildPhase section */
		E1BABEF026598A510042EF37 /* Resources */ = {
			isa = PBXResourcesBuildPhase;
			buildActionMask = 2147483647;
			files = (
				E1BABF2726598D240042EF37 /* PassengerFlow.storyboard in Resources */,
				E1BABF0C26598BE00042EF37 /* DriverFlow.storyboard in Resources */,
				E1BABF0226598A680042EF37 /* LaunchScreen.storyboard in Resources */,
				E1BABEFF26598A680042EF37 /* Assets.xcassets in Resources */,
				E1BABEFD26598A510042EF37 /* Main.storyboard in Resources */,
			);
			runOnlyForDeploymentPostprocessing = 0;
		};
/* End PBXResourcesBuildPhase section */

/* Begin PBXShellScriptBuildPhase section */
		1149CC6FCE05E3D7EF3C71EE /* [CP] Embed Pods Frameworks */ = {
			isa = PBXShellScriptBuildPhase;
			buildActionMask = 2147483647;
			files = (
			);
			inputFileListPaths = (
				"${PODS_ROOT}/Target Support Files/Pods-AutoRequests/Pods-AutoRequests-frameworks-${CONFIGURATION}-input-files.xcfilelist",
			);
			name = "[CP] Embed Pods Frameworks";
			outputFileListPaths = (
				"${PODS_ROOT}/Target Support Files/Pods-AutoRequests/Pods-AutoRequests-frameworks-${CONFIGURATION}-output-files.xcfilelist",
			);
			runOnlyForDeploymentPostprocessing = 0;
			shellPath = /bin/sh;
			shellScript = "\"${PODS_ROOT}/Target Support Files/Pods-AutoRequests/Pods-AutoRequests-frameworks.sh\"\n";
			showEnvVarsInLog = 0;
		};
		A99B80AD2F4C5C3E014568ED /* [CP] Check Pods Manifest.lock */ = {
			isa = PBXShellScriptBuildPhase;
			buildActionMask = 2147483647;
			files = (
			);
			inputFileListPaths = (
			);
			inputPaths = (
				"${PODS_PODFILE_DIR_PATH}/Podfile.lock",
				"${PODS_ROOT}/Manifest.lock",
			);
			name = "[CP] Check Pods Manifest.lock";
			outputFileListPaths = (
			);
			outputPaths = (
				"$(DERIVED_FILE_DIR)/Pods-AutoRequests-checkManifestLockResult.txt",
			);
			runOnlyForDeploymentPostprocessing = 0;
			shellPath = /bin/sh;
			shellScript = "diff \"${PODS_PODFILE_DIR_PATH}/Podfile.lock\" \"${PODS_ROOT}/Manifest.lock\" > /dev/null\nif [ $? != 0 ] ; then\n    # print error to STDERR\n    echo \"error: The sandbox is not in sync with the Podfile.lock. Run 'pod install' or update your CocoaPods installation.\" >&2\n    exit 1\nfi\n# This output is used by Xcode 'outputs' to avoid re-running this script phase.\necho \"SUCCESS\" > \"${SCRIPT_OUTPUT_FILE_0}\"\n";
			showEnvVarsInLog = 0;
		};
/* End PBXShellScriptBuildPhase section */

/* Begin PBXSourcesBuildPhase section */
		E1BABEEE26598A510042EF37 /* Sources */ = {
			isa = PBXSourcesBuildPhase;
			buildActionMask = 2147483647;
			files = (
				E1BA7CCD2671C730003A6FD8 /* DriverResponse.swift in Sources */,
				E1BABF2226598CF90042EF37 /* MyRequestsViewController.swift in Sources */,
				E1CF3B7926748FA800F04D8C /* DateSettingTableViewCell.swift in Sources */,
				E1BA7CCC2671C730003A6FD8 /* Driver.swift in Sources */,
				E1CF3B7D26748FB500F04D8C /* TimeTableViewCell.swift in Sources */,
				E1BABF1326598C750042EF37 /* AuthViewController.swift in Sources */,
				E1CF3B7526748F8A00F04D8C /* DriverSettingCell.swift in Sources */,
				E1BA7CC82671C730003A6FD8 /* Car.swift in Sources */,
				E1BA7CCE2671C730003A6FD8 /* ApiResponse.swift in Sources */,
				E1CF3B6E26748AEA00F04D8C /* CreateRequestViewModelProtocol.swift in Sources */,
				E1BA7CED2671FABA003A6FD8 /* SettingIconView.swift in Sources */,
				E1BABEFA26598A510042EF37 /* ViewController.swift in Sources */,
				E1C9687F2674978900C39E9F /* SettingTableViewCell.swift in Sources */,
				E1CF3B7226748EFC00F04D8C /* SettingSection.swift in Sources */,
				E1BA7CC92671C730003A6FD8 /* Passenger.swift in Sources */,
				E1BA7CE92671CF19003A6FD8 /* CreateRequestViewController.swift in Sources */,
				E1BA7CCA2671C730003A6FD8 /* TransportApplicationResponse.swift in Sources */,
				E1BABEF626598A510042EF37 /* AppDelegate.swift in Sources */,
				E1BABF1B26598CA90042EF37 /* TransportsListViewController.swift in Sources */,
				E1BABF2E2659E2030042EF37 /* AlertDisplayer.swift in Sources */,
				E1BA7CCF2671C730003A6FD8 /* TransportApplication.swift in Sources */,
				E1BA7CC62671C730003A6FD8 /* TransportApplicationResponsePassenger.swift in Sources */,
				E1BA7CD22671C798003A6FD8 /* User.swift in Sources */,
				E1BA7CE52671CF07003A6FD8 /* CreateRequestViewModel.swift in Sources */,
				E1BA7CC72671C730003A6FD8 /* TransportApplicationRequest.swift in Sources */,
				E1BABEF826598A510042EF37 /* SceneDelegate.swift in Sources */,
				E1BA7CCB2671C730003A6FD8 /* TransportApplicationResponseDriver.swift in Sources */,
			);
			runOnlyForDeploymentPostprocessing = 0;
		};
/* End PBXSourcesBuildPhase section */

/* Begin PBXVariantGroup section */
		E1BABEFB26598A510042EF37 /* Main.storyboard */ = {
			isa = PBXVariantGroup;
			children = (
				E1BABEFC26598A510042EF37 /* Base */,
			);
			name = Main.storyboard;
			sourceTree = "<group>";
		};
		E1BABF0026598A680042EF37 /* LaunchScreen.storyboard */ = {
			isa = PBXVariantGroup;
			children = (
				E1BABF0126598A680042EF37 /* Base */,
			);
			name = LaunchScreen.storyboard;
			sourceTree = "<group>";
		};
		E1BABF0A26598BE00042EF37 /* DriverFlow.storyboard */ = {
			isa = PBXVariantGroup;
			children = (
				E1BABF0B26598BE00042EF37 /* Base */,
			);
			name = DriverFlow.storyboard;
			sourceTree = "<group>";
		};
		E1BABF2526598D240042EF37 /* PassengerFlow.storyboard */ = {
			isa = PBXVariantGroup;
			children = (
				E1BABF2626598D240042EF37 /* Base */,
			);
			name = PassengerFlow.storyboard;
			sourceTree = "<group>";
		};
/* End PBXVariantGroup section */

/* Begin XCBuildConfiguration section */
		E1BABF0426598A680042EF37 /* Debug */ = {
			isa = XCBuildConfiguration;
			buildSettings = {
				ALWAYS_SEARCH_USER_PATHS = NO;
				CLANG_ANALYZER_NONNULL = YES;
				CLANG_ANALYZER_NUMBER_OBJECT_CONVERSION = YES_AGGRESSIVE;
				CLANG_CXX_LANGUAGE_STANDARD = "gnu++14";
				CLANG_CXX_LIBRARY = "libc++";
				CLANG_ENABLE_MODULES = YES;
				CLANG_ENABLE_OBJC_ARC = YES;
				CLANG_ENABLE_OBJC_WEAK = YES;
				CLANG_WARN_BLOCK_CAPTURE_AUTORELEASING = YES;
				CLANG_WARN_BOOL_CONVERSION = YES;
				CLANG_WARN_COMMA = YES;
				CLANG_WARN_CONSTANT_CONVERSION = YES;
				CLANG_WARN_DEPRECATED_OBJC_IMPLEMENTATIONS = YES;
				CLANG_WARN_DIRECT_OBJC_ISA_USAGE = YES_ERROR;
				CLANG_WARN_DOCUMENTATION_COMMENTS = YES;
				CLANG_WARN_EMPTY_BODY = YES;
				CLANG_WARN_ENUM_CONVERSION = YES;
				CLANG_WARN_INFINITE_RECURSION = YES;
				CLANG_WARN_INT_CONVERSION = YES;
				CLANG_WARN_NON_LITERAL_NULL_CONVERSION = YES;
				CLANG_WARN_OBJC_IMPLICIT_RETAIN_SELF = YES;
				CLANG_WARN_OBJC_LITERAL_CONVERSION = YES;
				CLANG_WARN_OBJC_ROOT_CLASS = YES_ERROR;
				CLANG_WARN_QUOTED_INCLUDE_IN_FRAMEWORK_HEADER = YES;
				CLANG_WARN_RANGE_LOOP_ANALYSIS = YES;
				CLANG_WARN_STRICT_PROTOTYPES = YES;
				CLANG_WARN_SUSPICIOUS_MOVE = YES;
				CLANG_WARN_UNGUARDED_AVAILABILITY = YES_AGGRESSIVE;
				CLANG_WARN_UNREACHABLE_CODE = YES;
				CLANG_WARN__DUPLICATE_METHOD_MATCH = YES;
				COPY_PHASE_STRIP = NO;
				DEBUG_INFORMATION_FORMAT = dwarf;
				ENABLE_STRICT_OBJC_MSGSEND = YES;
				ENABLE_TESTABILITY = YES;
				GCC_C_LANGUAGE_STANDARD = gnu11;
				GCC_DYNAMIC_NO_PIC = NO;
				GCC_NO_COMMON_BLOCKS = YES;
				GCC_OPTIMIZATION_LEVEL = 0;
				GCC_PREPROCESSOR_DEFINITIONS = (
					"DEBUG=1",
					"$(inherited)",
				);
				GCC_WARN_64_TO_32_BIT_CONVERSION = YES;
				GCC_WARN_ABOUT_RETURN_TYPE = YES_ERROR;
				GCC_WARN_UNDECLARED_SELECTOR = YES;
				GCC_WARN_UNINITIALIZED_AUTOS = YES_AGGRESSIVE;
				GCC_WARN_UNUSED_FUNCTION = YES;
				GCC_WARN_UNUSED_VARIABLE = YES;
				IPHONEOS_DEPLOYMENT_TARGET = 14.3;
				MTL_ENABLE_DEBUG_INFO = INCLUDE_SOURCE;
				MTL_FAST_MATH = YES;
				ONLY_ACTIVE_ARCH = YES;
				SDKROOT = iphoneos;
				SWIFT_ACTIVE_COMPILATION_CONDITIONS = DEBUG;
				SWIFT_OPTIMIZATION_LEVEL = "-Onone";
			};
			name = Debug;
		};
		E1BABF0526598A680042EF37 /* Release */ = {
			isa = XCBuildConfiguration;
			buildSettings = {
				ALWAYS_SEARCH_USER_PATHS = NO;
				CLANG_ANALYZER_NONNULL = YES;
				CLANG_ANALYZER_NUMBER_OBJECT_CONVERSION = YES_AGGRESSIVE;
				CLANG_CXX_LANGUAGE_STANDARD = "gnu++14";
				CLANG_CXX_LIBRARY = "libc++";
				CLANG_ENABLE_MODULES = YES;
				CLANG_ENABLE_OBJC_ARC = YES;
				CLANG_ENABLE_OBJC_WEAK = YES;
				CLANG_WARN_BLOCK_CAPTURE_AUTORELEASING = YES;
				CLANG_WARN_BOOL_CONVERSION = YES;
				CLANG_WARN_COMMA = YES;
				CLANG_WARN_CONSTANT_CONVERSION = YES;
				CLANG_WARN_DEPRECATED_OBJC_IMPLEMENTATIONS = YES;
				CLANG_WARN_DIRECT_OBJC_ISA_USAGE = YES_ERROR;
				CLANG_WARN_DOCUMENTATION_COMMENTS = YES;
				CLANG_WARN_EMPTY_BODY = YES;
				CLANG_WARN_ENUM_CONVERSION = YES;
				CLANG_WARN_INFINITE_RECURSION = YES;
				CLANG_WARN_INT_CONVERSION = YES;
				CLANG_WARN_NON_LITERAL_NULL_CONVERSION = YES;
				CLANG_WARN_OBJC_IMPLICIT_RETAIN_SELF = YES;
				CLANG_WARN_OBJC_LITERAL_CONVERSION = YES;
				CLANG_WARN_OBJC_ROOT_CLASS = YES_ERROR;
				CLANG_WARN_QUOTED_INCLUDE_IN_FRAMEWORK_HEADER = YES;
				CLANG_WARN_RANGE_LOOP_ANALYSIS = YES;
				CLANG_WARN_STRICT_PROTOTYPES = YES;
				CLANG_WARN_SUSPICIOUS_MOVE = YES;
				CLANG_WARN_UNGUARDED_AVAILABILITY = YES_AGGRESSIVE;
				CLANG_WARN_UNREACHABLE_CODE = YES;
				CLANG_WARN__DUPLICATE_METHOD_MATCH = YES;
				COPY_PHASE_STRIP = NO;
				DEBUG_INFORMATION_FORMAT = "dwarf-with-dsym";
				ENABLE_NS_ASSERTIONS = NO;
				ENABLE_STRICT_OBJC_MSGSEND = YES;
				GCC_C_LANGUAGE_STANDARD = gnu11;
				GCC_NO_COMMON_BLOCKS = YES;
				GCC_WARN_64_TO_32_BIT_CONVERSION = YES;
				GCC_WARN_ABOUT_RETURN_TYPE = YES_ERROR;
				GCC_WARN_UNDECLARED_SELECTOR = YES;
				GCC_WARN_UNINITIALIZED_AUTOS = YES_AGGRESSIVE;
				GCC_WARN_UNUSED_FUNCTION = YES;
				GCC_WARN_UNUSED_VARIABLE = YES;
				IPHONEOS_DEPLOYMENT_TARGET = 14.3;
				MTL_ENABLE_DEBUG_INFO = NO;
				MTL_FAST_MATH = YES;
				SDKROOT = iphoneos;
				SWIFT_COMPILATION_MODE = wholemodule;
				SWIFT_OPTIMIZATION_LEVEL = "-O";
				VALIDATE_PRODUCT = YES;
			};
			name = Release;
		};
		E1BABF0726598A680042EF37 /* Debug */ = {
			isa = XCBuildConfiguration;
			baseConfigurationReference = 3E0C3D48457C04752CE894A7 /* Pods-AutoRequests.debug.xcconfig */;
			buildSettings = {
				ASSETCATALOG_COMPILER_APPICON_NAME = AppIcon;
				ASSETCATALOG_COMPILER_GLOBAL_ACCENT_COLOR_NAME = AccentColor;
				CODE_SIGN_STYLE = Automatic;
				DEVELOPMENT_TEAM = RNXT6P5KC8;
				INFOPLIST_FILE = AutoRequests/Info.plist;
				LD_RUNPATH_SEARCH_PATHS = (
					"$(inherited)",
					"@executable_path/Frameworks",
				);
				PRODUCT_BUNDLE_IDENTIFIER = com.vladEliseev.AutoRequests;
				PRODUCT_NAME = "$(TARGET_NAME)";
				SWIFT_VERSION = 5.0;
				TARGETED_DEVICE_FAMILY = "1,2";
			};
			name = Debug;
		};
		E1BABF0826598A680042EF37 /* Release */ = {
			isa = XCBuildConfiguration;
			baseConfigurationReference = FFD5BAD0794E65F07A7CA0BD /* Pods-AutoRequests.release.xcconfig */;
			buildSettings = {
				ASSETCATALOG_COMPILER_APPICON_NAME = AppIcon;
				ASSETCATALOG_COMPILER_GLOBAL_ACCENT_COLOR_NAME = AccentColor;
				CODE_SIGN_STYLE = Automatic;
				DEVELOPMENT_TEAM = RNXT6P5KC8;
				INFOPLIST_FILE = AutoRequests/Info.plist;
				LD_RUNPATH_SEARCH_PATHS = (
					"$(inherited)",
					"@executable_path/Frameworks",
				);
				PRODUCT_BUNDLE_IDENTIFIER = com.vladEliseev.AutoRequests;
				PRODUCT_NAME = "$(TARGET_NAME)";
				SWIFT_VERSION = 5.0;
				TARGETED_DEVICE_FAMILY = "1,2";
			};
			name = Release;
		};
/* End XCBuildConfiguration section */

/* Begin XCConfigurationList section */
		E1BABEED26598A510042EF37 /* Build configuration list for PBXProject "AutoRequests" */ = {
			isa = XCConfigurationList;
			buildConfigurations = (
				E1BABF0426598A680042EF37 /* Debug */,
				E1BABF0526598A680042EF37 /* Release */,
			);
			defaultConfigurationIsVisible = 0;
			defaultConfigurationName = Release;
		};
		E1BABF0626598A680042EF37 /* Build configuration list for PBXNativeTarget "AutoRequests" */ = {
			isa = XCConfigurationList;
			buildConfigurations = (
				E1BABF0726598A680042EF37 /* Debug */,
				E1BABF0826598A680042EF37 /* Release */,
			);
			defaultConfigurationIsVisible = 0;
			defaultConfigurationName = Release;
		};
/* End XCConfigurationList section */
	};
	rootObject = E1BABEEA26598A510042EF37 /* Project object */;
}
